
Microsoft Visual Studio Solution File, Format Version 12.00
# Visual Studio Version 16
VisualStudioVersion = 16.0.31402.337
MinimumVisualStudioVersion = 10.0.40219.1
Project("{FAE04EC0-301F-11D3-BF4B-00C04F79EFBC}") = "DotNetCoreRestApi", "DotNetCoreRestApi.csproj", "{4CC72EA2-576C-4FA4-8C67-D592AD1A70DF}"
EndProject
Global
	GlobalSection(SolutionConfigurationPlatforms) = preSolution
		Debug|Any CPU = Debug|Any CPU
		Release|Any CPU = Release|Any CPU
	EndGlobalSection
	GlobalSection(ProjectConfigurationPlatforms) = postSolution
		{4CC72EA2-576C-4FA4-8C67-D592AD1A70DF}.Debug|Any CPU.ActiveCfg = Debug|Any CPU
		{4CC72EA2-576C-4FA4-8C67-D592AD1A70DF}.Debug|Any CPU.Build.0 = Debug|Any CPU
		{4CC72EA2-576C-4FA4-8C67-D592AD1A70DF}.Release|Any CPU.ActiveCfg = Release|Any CPU
		{4CC72EA2-576C-4FA4-8C67-D592AD1A70DF}.Release|Any CPU.Build.0 = Release|Any CPU
	EndGlobalSection
	GlobalSection(SolutionProperties) = preSolution
		HideSolutionNode = FALSE
	EndGlobalSection
	GlobalSection(ExtensibilityGlobals) = postSolution
		SolutionGuid = {AA2B9357-5BC5-41C0-AECC-7EE0F541F684}
	EndGlobalSection
EndGlobal
